# This file is autogenerated, do not edit; changes may be undone by the next 'dep ensure'.


[[projects]]
  digest = "1:da275eddf2e2ae49229f631fa2ef6ac6eb84f2e6eb0b5e0e6b52f02e9f1e88c6"
  name = "github.com/etherlabsio/errors"
  packages = ["."]
  pruneopts = ""
  revision = "ae7e3367f1fd54d4173fd706d32e1c32ca03af9c"
  version = "v0.2.3"

[[projects]]
  digest = "1:48e65aaf8ce34ffb3e8d56daa9417826db162afbc2040705db331e9a2e9eebe3"
  name = "github.com/go-kit/kit"
  packages = [
    "endpoint",
    "log",
    "log/level",
    "transport/http",
    "transport/nats",
  ]
  pruneopts = ""
  revision = "12210fb6ace19e0496167bb3e667dcd91fa9f69b"
  version = "v0.8.0"

[[projects]]
  digest = "1:6a4a01d58b227c4b6b11111b9f172ec5c17682b82724e58e6daf3f19f4faccd8"
  name = "github.com/go-logfmt/logfmt"
  packages = ["."]
  pruneopts = ""
  revision = "390ab7935ee28ec6b286364bba9b4dd6410cb3d5"
  version = "v0.3.0"

[[projects]]
  branch = "master"
  digest = "1:1ed9eeebdf24aadfbca57eb50e6455bd1d2474525e0f0d4454de8c8e9bc7ee9a"
  name = "github.com/kr/logfmt"
  packages = ["."]
  pruneopts = ""
  revision = "b84e30acd515aadc4b783ad4ff83aff3299bdfe0"

[[projects]]
  digest = "1:f04a78a43f55f089c919beee8ec4a1495dee1bd271548da2cb44bf44699a6a61"
  name = "github.com/nats-io/go-nats"
  packages = [
    ".",
    "encoders/builtin",
    "util",
  ]
  pruneopts = ""
  revision = "fb0396ee0bdb8018b0fef30d6d1de798ce99cd05"
  version = "v1.6.0"

[[projects]]
  digest = "1:be61e8224b84064109eaba8157cbb4bbe6ca12443e182b6624fdfa1c0dcf53d9"
  name = "github.com/nats-io/nuid"
  packages = ["."]
  pruneopts = ""
  revision = "289cccf02c178dc782430d534e3c1f5b72af807f"
  version = "v1.0.0"

[[projects]]
  digest = "1:7365acd48986e205ccb8652cc746f09c8b7876030d53710ea6ef7d0bd0dcd7ca"
  name = "github.com/pkg/errors"
  packages = ["."]
  pruneopts = ""
  revision = "645ef00459ed84a119197bfb8d8205042c6df63d"
  version = "v0.8.0"

[solve-meta]
  analyzer-name = "dep"
  analyzer-version = 1
  input-imports = [
    "github.com/etherlabsio/errors",
    "github.com/go-kit/kit/endpoint",
    "github.com/go-kit/kit/log",
    "github.com/go-kit/kit/log/level",
    "github.com/go-kit/kit/transport/http",
    "github.com/go-kit/kit/transport/nats",
    "github.com/nats-io/go-nats",
  ]
  solver-name = "gps-cdcl"
  solver-version = 1
